
Microsoft Visual Studio Solution File, Format Version 12.00
# Visual Studio 15
VisualStudioVersion = 15.0.28010.2041
MinimumVisualStudioVersion = 10.0.40219.1
Project("{9A19103F-16F7-4668-BE54-9A1E7A4F7556}") = "Pocztowy.Shop.Models", "Pocztowy.Shop.Models\Pocztowy.Shop.Models.csproj", "{2FC8672C-29A3-4863-877A-3C4B646C8EB1}"
EndProject
Project("{9A19103F-16F7-4668-BE54-9A1E7A4F7556}") = "Pocztowy.Shop.Generator", "Pocztowy.Shop.Generator\Pocztowy.Shop.Generator.csproj", "{A772FFBA-ADD4-48CD-9125-B6989B0D8743}"
EndProject
Project("{9A19103F-16F7-4668-BE54-9A1E7A4F7556}") = "Pocztowy.Shop.ConsoleClient", "Pocztowy.Shop.ConsoleClient\Pocztowy.Shop.ConsoleClient.csproj", "{F6422721-09C8-47B4-B147-33DD81EE402E}"
EndProject
Project("{FAE04EC0-301F-11D3-BF4B-00C04F79EFBC}") = "Pocztowy.Shop.IServices", "Pocztowy.Shop.IServices\Pocztowy.Shop.IServices.csproj", "{271676D1-EEBC-4F62-A07B-C7A446854EFB}"
EndProject
Project("{FAE04EC0-301F-11D3-BF4B-00C04F79EFBC}") = "Pocztowy.Shop.FakeServices", "Pocztowy.Shop.FakeServices\Pocztowy.Shop.FakeServices.csproj", "{17CA342D-38EC-4135-8904-B85E2631DC0E}"
EndProject
Project("{FAE04EC0-301F-11D3-BF4B-00C04F79EFBC}") = "Pocztowy.Shop.DbServices", "Pocztowy.Shop.DbServices\Pocztowy.Shop.DbServices.csproj", "{C83DA142-E364-47CF-9F65-913D6082AF90}"
EndProject
Global
	GlobalSection(SolutionConfigurationPlatforms) = preSolution
		Debug|Any CPU = Debug|Any CPU
		Release|Any CPU = Release|Any CPU
	EndGlobalSection
	GlobalSection(ProjectConfigurationPlatforms) = postSolution
		{2FC8672C-29A3-4863-877A-3C4B646C8EB1}.Debug|Any CPU.ActiveCfg = Debug|Any CPU
		{2FC8672C-29A3-4863-877A-3C4B646C8EB1}.Debug|Any CPU.Build.0 = Debug|Any CPU
		{2FC8672C-29A3-4863-877A-3C4B646C8EB1}.Release|Any CPU.ActiveCfg = Release|Any CPU
		{2FC8672C-29A3-4863-877A-3C4B646C8EB1}.Release|Any CPU.Build.0 = Release|Any CPU
		{A772FFBA-ADD4-48CD-9125-B6989B0D8743}.Debug|Any CPU.ActiveCfg = Debug|Any CPU
		{A772FFBA-ADD4-48CD-9125-B6989B0D8743}.Debug|Any CPU.Build.0 = Debug|Any CPU
		{A772FFBA-ADD4-48CD-9125-B6989B0D8743}.Release|Any CPU.ActiveCfg = Release|Any CPU
		{A772FFBA-ADD4-48CD-9125-B6989B0D8743}.Release|Any CPU.Build.0 = Release|Any CPU
		{F6422721-09C8-47B4-B147-33DD81EE402E}.Debug|Any CPU.ActiveCfg = Debug|Any CPU
		{F6422721-09C8-47B4-B147-33DD81EE402E}.Debug|Any CPU.Build.0 = Debug|Any CPU
		{F6422721-09C8-47B4-B147-33DD81EE402E}.Release|Any CPU.ActiveCfg = Release|Any CPU
		{F6422721-09C8-47B4-B147-33DD81EE402E}.Release|Any CPU.Build.0 = Release|Any CPU
		{271676D1-EEBC-4F62-A07B-C7A446854EFB}.Debug|Any CPU.ActiveCfg = Debug|Any CPU
		{271676D1-EEBC-4F62-A07B-C7A446854EFB}.Debug|Any CPU.Build.0 = Debug|Any CPU
		{271676D1-EEBC-4F62-A07B-C7A446854EFB}.Release|Any CPU.ActiveCfg = Release|Any CPU
		{271676D1-EEBC-4F62-A07B-C7A446854EFB}.Release|Any CPU.Build.0 = Release|Any CPU
		{17CA342D-38EC-4135-8904-B85E2631DC0E}.Debug|Any CPU.ActiveCfg = Debug|Any CPU
		{17CA342D-38EC-4135-8904-B85E2631DC0E}.Debug|Any CPU.Build.0 = Debug|Any CPU
		{17CA342D-38EC-4135-8904-B85E2631DC0E}.Release|Any CPU.ActiveCfg = Release|Any CPU
		{17CA342D-38EC-4135-8904-B85E2631DC0E}.Release|Any CPU.Build.0 = Release|Any CPU
		{C83DA142-E364-47CF-9F65-913D6082AF90}.Debug|Any CPU.ActiveCfg = Debug|Any CPU
		{C83DA142-E364-47CF-9F65-913D6082AF90}.Debug|Any CPU.Build.0 = Debug|Any CPU
		{C83DA142-E364-47CF-9F65-913D6082AF90}.Release|Any CPU.ActiveCfg = Release|Any CPU
		{C83DA142-E364-47CF-9F65-913D6082AF90}.Release|Any CPU.Build.0 = Release|Any CPU
	EndGlobalSection
	GlobalSection(SolutionProperties) = preSolution
		HideSolutionNode = FALSE
	EndGlobalSection
	GlobalSection(ExtensibilityGlobals) = postSolution
		SolutionGuid = {F023DF49-5D5F-4986-AEDF-779FF547BA4C}
	EndGlobalSection
EndGlobal
